
Microsoft Visual Studio Solution File, Format Version 12.00
# Visual Studio Version 17
VisualStudioVersion = 17.12.35527.113
MinimumVisualStudioVersion = 10.0.40219.1
Project("{2150E333-8FDC-42A3-9474-1A3956D46DE8}") = "App", "App", "{61E94E99-22B1-4180-8D73-6BFEDED4815F}"
EndProject
Project("{2150E333-8FDC-42A3-9474-1A3956D46DE8}") = "Layers", "Layers", "{3B0E83CC-4560-4B31-8C8A-15F27BCC49F2}"
EndProject
Project("{2150E333-8FDC-42A3-9474-1A3956D46DE8}") = "Presentations", "Presentations", "{D1A48BF4-22ED-4938-A0ED-70441041A6C6}"
EndProject
Project("{2150E333-8FDC-42A3-9474-1A3956D46DE8}") = "UI", "UI", "{63EF28F2-D787-457F-A8BC-2D1C91989C93}"
EndProject
Project("{2150E333-8FDC-42A3-9474-1A3956D46DE8}") = "Api", "Api", "{EFDD7FED-D673-466A-99BD-D7A84C1B0EC9}"
EndProject
Project("{2150E333-8FDC-42A3-9474-1A3956D46DE8}") = "src", "src", "{2174AAB9-952D-46AD-AE62-B250D9E4A41A}"
EndProject
Project("{2150E333-8FDC-42A3-9474-1A3956D46DE8}") = "tests", "tests", "{952CD896-43A3-4011-BD1C-03D7DA6D6D8A}"
EndProject
Project("{2150E333-8FDC-42A3-9474-1A3956D46DE8}") = "documents", "documents", "{AF7383DD-6913-46CB-B119-BFEB98BEA73A}"
EndProject
Project("{FAE04EC0-301F-11D3-BF4B-00C04F79EFBC}") = "B2b.Core", "B2b.Core\B2b.Core.csproj", "{7BBC6683-DCB6-4DB3-9B86-645C67E45CE9}"
EndProject
Project("{FAE04EC0-301F-11D3-BF4B-00C04F79EFBC}") = "B2b.EntityLayer", "B2b.EntityLayer\B2b.EntityLayer.csproj", "{BE54B830-7738-461E-9950-56CE4529ADD4}"
EndProject
Project("{FAE04EC0-301F-11D3-BF4B-00C04F79EFBC}") = "B2b.DataAccessLayer", "B2b.DataAccessLayer\B2b.DataAccessLayer.csproj", "{B323391B-D549-4F31-823C-E39CA1529B70}"
EndProject
Project("{FAE04EC0-301F-11D3-BF4B-00C04F79EFBC}") = "B2b.BusinessLayer", "B2b.BusinessLayer\B2b.BusinessLayer.csproj", "{F5D7AC39-9E8B-4BD2-83F4-39DB3C003DD7}"
EndProject
Project("{FAE04EC0-301F-11D3-BF4B-00C04F79EFBC}") = "B2b.Dtos", "B2b.Dtos\B2b.Dtos.csproj", "{7DDD0C2B-764D-4D37-A76D-B2017DA9DFE9}"
EndProject
Project("{FAE04EC0-301F-11D3-BF4B-00C04F79EFBC}") = "B2b.SubServices", "B2b.SubServices\B2b.SubServices.csproj", "{F2F1331C-B706-4FA6-88CC-B87482DE0A18}"
EndProject
Project("{FAE04EC0-301F-11D3-BF4B-00C04F79EFBC}") = "B2b.WebAPI", "B2b.WebAPI\B2b.WebAPI.csproj", "{9401E4A4-40EF-4FC8-8017-8F81BFAC550D}"
EndProject
Project("{FAE04EC0-301F-11D3-BF4B-00C04F79EFBC}") = "B2b.WebUl", "B2b.WebUl\B2b.WebUl.csproj", "{C8764AC9-72C6-412B-82D0-FA8B16960D55}"
EndProject
Global
	GlobalSection(SolutionConfigurationPlatforms) = preSolution
		Debug|Any CPU = Debug|Any CPU
		Release|Any CPU = Release|Any CPU
	EndGlobalSection
	GlobalSection(ProjectConfigurationPlatforms) = postSolution
		{7BBC6683-DCB6-4DB3-9B86-645C67E45CE9}.Debug|Any CPU.ActiveCfg = Debug|Any CPU
		{7BBC6683-DCB6-4DB3-9B86-645C67E45CE9}.Debug|Any CPU.Build.0 = Debug|Any CPU
		{7BBC6683-DCB6-4DB3-9B86-645C67E45CE9}.Release|Any CPU.ActiveCfg = Release|Any CPU
		{7BBC6683-DCB6-4DB3-9B86-645C67E45CE9}.Release|Any CPU.Build.0 = Release|Any CPU
		{BE54B830-7738-461E-9950-56CE4529ADD4}.Debug|Any CPU.ActiveCfg = Debug|Any CPU
		{BE54B830-7738-461E-9950-56CE4529ADD4}.Debug|Any CPU.Build.0 = Debug|Any CPU
		{BE54B830-7738-461E-9950-56CE4529ADD4}.Release|Any CPU.ActiveCfg = Release|Any CPU
		{BE54B830-7738-461E-9950-56CE4529ADD4}.Release|Any CPU.Build.0 = Release|Any CPU
		{B323391B-D549-4F31-823C-E39CA1529B70}.Debug|Any CPU.ActiveCfg = Debug|Any CPU
		{B323391B-D549-4F31-823C-E39CA1529B70}.Debug|Any CPU.Build.0 = Debug|Any CPU
		{B323391B-D549-4F31-823C-E39CA1529B70}.Release|Any CPU.ActiveCfg = Release|Any CPU
		{B323391B-D549-4F31-823C-E39CA1529B70}.Release|Any CPU.Build.0 = Release|Any CPU
		{F5D7AC39-9E8B-4BD2-83F4-39DB3C003DD7}.Debug|Any CPU.ActiveCfg = Debug|Any CPU
		{F5D7AC39-9E8B-4BD2-83F4-39DB3C003DD7}.Debug|Any CPU.Build.0 = Debug|Any CPU
		{F5D7AC39-9E8B-4BD2-83F4-39DB3C003DD7}.Release|Any CPU.ActiveCfg = Release|Any CPU
		{F5D7AC39-9E8B-4BD2-83F4-39DB3C003DD7}.Release|Any CPU.Build.0 = Release|Any CPU
		{7DDD0C2B-764D-4D37-A76D-B2017DA9DFE9}.Debug|Any CPU.ActiveCfg = Debug|Any CPU
		{7DDD0C2B-764D-4D37-A76D-B2017DA9DFE9}.Debug|Any CPU.Build.0 = Debug|Any CPU
		{7DDD0C2B-764D-4D37-A76D-B2017DA9DFE9}.Release|Any CPU.ActiveCfg = Release|Any CPU
		{7DDD0C2B-764D-4D37-A76D-B2017DA9DFE9}.Release|Any CPU.Build.0 = Release|Any CPU
		{F2F1331C-B706-4FA6-88CC-B87482DE0A18}.Debug|Any CPU.ActiveCfg = Debug|Any CPU
		{F2F1331C-B706-4FA6-88CC-B87482DE0A18}.Debug|Any CPU.Build.0 = Debug|Any CPU
		{F2F1331C-B706-4FA6-88CC-B87482DE0A18}.Release|Any CPU.ActiveCfg = Release|Any CPU
		{F2F1331C-B706-4FA6-88CC-B87482DE0A18}.Release|Any CPU.Build.0 = Release|Any CPU
		{9401E4A4-40EF-4FC8-8017-8F81BFAC550D}.Debug|Any CPU.ActiveCfg = Debug|Any CPU
		{9401E4A4-40EF-4FC8-8017-8F81BFAC550D}.Debug|Any CPU.Build.0 = Debug|Any CPU
		{9401E4A4-40EF-4FC8-8017-8F81BFAC550D}.Release|Any CPU.ActiveCfg = Release|Any CPU
		{9401E4A4-40EF-4FC8-8017-8F81BFAC550D}.Release|Any CPU.Build.0 = Release|Any CPU
		{C8764AC9-72C6-412B-82D0-FA8B16960D55}.Debug|Any CPU.ActiveCfg = Debug|Any CPU
		{C8764AC9-72C6-412B-82D0-FA8B16960D55}.Debug|Any CPU.Build.0 = Debug|Any CPU
		{C8764AC9-72C6-412B-82D0-FA8B16960D55}.Release|Any CPU.ActiveCfg = Release|Any CPU
		{C8764AC9-72C6-412B-82D0-FA8B16960D55}.Release|Any CPU.Build.0 = Release|Any CPU
	EndGlobalSection
	GlobalSection(SolutionProperties) = preSolution
		HideSolutionNode = FALSE
	EndGlobalSection
	GlobalSection(NestedProjects) = preSolution
		{61E94E99-22B1-4180-8D73-6BFEDED4815F} = {2174AAB9-952D-46AD-AE62-B250D9E4A41A}
		{3B0E83CC-4560-4B31-8C8A-15F27BCC49F2} = {2174AAB9-952D-46AD-AE62-B250D9E4A41A}
		{D1A48BF4-22ED-4938-A0ED-70441041A6C6} = {2174AAB9-952D-46AD-AE62-B250D9E4A41A}
		{63EF28F2-D787-457F-A8BC-2D1C91989C93} = {D1A48BF4-22ED-4938-A0ED-70441041A6C6}
		{EFDD7FED-D673-466A-99BD-D7A84C1B0EC9} = {D1A48BF4-22ED-4938-A0ED-70441041A6C6}
		{7BBC6683-DCB6-4DB3-9B86-645C67E45CE9} = {61E94E99-22B1-4180-8D73-6BFEDED4815F}
		{BE54B830-7738-461E-9950-56CE4529ADD4} = {3B0E83CC-4560-4B31-8C8A-15F27BCC49F2}
		{B323391B-D549-4F31-823C-E39CA1529B70} = {3B0E83CC-4560-4B31-8C8A-15F27BCC49F2}
		{F5D7AC39-9E8B-4BD2-83F4-39DB3C003DD7} = {3B0E83CC-4560-4B31-8C8A-15F27BCC49F2}
		{7DDD0C2B-764D-4D37-A76D-B2017DA9DFE9} = {3B0E83CC-4560-4B31-8C8A-15F27BCC49F2}
		{F2F1331C-B706-4FA6-88CC-B87482DE0A18} = {61E94E99-22B1-4180-8D73-6BFEDED4815F}
		{9401E4A4-40EF-4FC8-8017-8F81BFAC550D} = {EFDD7FED-D673-466A-99BD-D7A84C1B0EC9}
		{C8764AC9-72C6-412B-82D0-FA8B16960D55} = {63EF28F2-D787-457F-A8BC-2D1C91989C93}
	EndGlobalSection
EndGlobal
